
Microsoft Visual Studio Solution File, Format Version 12.00
# Visual Studio Version 17
VisualStudioVersion = 17.0.31912.275
MinimumVisualStudioVersion = 10.0.40219.1
Project("{FAE04EC0-301F-11D3-BF4B-00C04F79EFBC}") = "ottweb", "ottweb.csproj", "{D2142167-8F05-460A-8C2F-152A2C546743}"
EndProject
Global
	GlobalSection(SolutionConfigurationPlatforms) = preSolution
		Debug|Any CPU = Debug|Any CPU
		Release|Any CPU = Release|Any CPU
	EndGlobalSection
	GlobalSection(ProjectConfigurationPlatforms) = postSolution
		{D2142167-8F05-460A-8C2F-152A2C546743}.Debug|Any CPU.ActiveCfg = Debug|Any CPU
		{D2142167-8F05-460A-8C2F-152A2C546743}.Debug|Any CPU.Build.0 = Debug|Any CPU
		{D2142167-8F05-460A-8C2F-152A2C546743}.Release|Any CPU.ActiveCfg = Release|Any CPU
		{D2142167-8F05-460A-8C2F-152A2C546743}.Release|Any CPU.Build.0 = Release|Any CPU
	EndGlobalSection
	GlobalSection(SolutionProperties) = preSolution
		HideSolutionNode = FALSE
	EndGlobalSection
	GlobalSection(ExtensibilityGlobals) = postSolution
		SolutionGuid = {268B07D6-EB36-4108-9F4C-8081BC69EB16}
	EndGlobalSection
EndGlobal
